
Microsoft Visual Studio Solution File, Format Version 12.00
# Visual Studio Version 16
VisualStudioVersion = 16.0.30114.105
MinimumVisualStudioVersion = 10.0.40219.1
Project("{FAE04EC0-301F-11D3-BF4B-00C04F79EFBC}") = "API", "API\API.csproj", "{5142F0A6-8C39-44B9-AAE6-3E5A19FD1873}"
EndProject
Project("{FAE04EC0-301F-11D3-BF4B-00C04F79EFBC}") = "Domain", "Domain\Domain.csproj", "{751B2A37-A35A-4D92-8A61-563BC8425201}"
EndProject
Project("{FAE04EC0-301F-11D3-BF4B-00C04F79EFBC}") = "Persistence", "Persistence\Persistence.csproj", "{4FEB2C30-7846-4C0E-AFDC-7556F00393A9}"
EndProject
Project("{FAE04EC0-301F-11D3-BF4B-00C04F79EFBC}") = "Application", "Application\Application.csproj", "{B96DC268-9EC1-4114-A543-F83B76F0F072}"
EndProject
Global
	GlobalSection(SolutionConfigurationPlatforms) = preSolution
		Debug|Any CPU = Debug|Any CPU
		Debug|x64 = Debug|x64
		Debug|x86 = Debug|x86
		Release|Any CPU = Release|Any CPU
		Release|x64 = Release|x64
		Release|x86 = Release|x86
	EndGlobalSection
	GlobalSection(SolutionProperties) = preSolution
		HideSolutionNode = FALSE
	EndGlobalSection
	GlobalSection(ProjectConfigurationPlatforms) = postSolution
		{5142F0A6-8C39-44B9-AAE6-3E5A19FD1873}.Debug|Any CPU.ActiveCfg = Debug|Any CPU
		{5142F0A6-8C39-44B9-AAE6-3E5A19FD1873}.Debug|Any CPU.Build.0 = Debug|Any CPU
		{5142F0A6-8C39-44B9-AAE6-3E5A19FD1873}.Debug|x64.ActiveCfg = Debug|Any CPU
		{5142F0A6-8C39-44B9-AAE6-3E5A19FD1873}.Debug|x64.Build.0 = Debug|Any CPU
		{5142F0A6-8C39-44B9-AAE6-3E5A19FD1873}.Debug|x86.ActiveCfg = Debug|Any CPU
		{5142F0A6-8C39-44B9-AAE6-3E5A19FD1873}.Debug|x86.Build.0 = Debug|Any CPU
		{5142F0A6-8C39-44B9-AAE6-3E5A19FD1873}.Release|Any CPU.ActiveCfg = Release|Any CPU
		{5142F0A6-8C39-44B9-AAE6-3E5A19FD1873}.Release|Any CPU.Build.0 = Release|Any CPU
		{5142F0A6-8C39-44B9-AAE6-3E5A19FD1873}.Release|x64.ActiveCfg = Release|Any CPU
		{5142F0A6-8C39-44B9-AAE6-3E5A19FD1873}.Release|x64.Build.0 = Release|Any CPU
		{5142F0A6-8C39-44B9-AAE6-3E5A19FD1873}.Release|x86.ActiveCfg = Release|Any CPU
		{5142F0A6-8C39-44B9-AAE6-3E5A19FD1873}.Release|x86.Build.0 = Release|Any CPU
		{751B2A37-A35A-4D92-8A61-563BC8425201}.Debug|Any CPU.ActiveCfg = Debug|Any CPU
		{751B2A37-A35A-4D92-8A61-563BC8425201}.Debug|Any CPU.Build.0 = Debug|Any CPU
		{751B2A37-A35A-4D92-8A61-563BC8425201}.Debug|x64.ActiveCfg = Debug|Any CPU
		{751B2A37-A35A-4D92-8A61-563BC8425201}.Debug|x64.Build.0 = Debug|Any CPU
		{751B2A37-A35A-4D92-8A61-563BC8425201}.Debug|x86.ActiveCfg = Debug|Any CPU
		{751B2A37-A35A-4D92-8A61-563BC8425201}.Debug|x86.Build.0 = Debug|Any CPU
		{751B2A37-A35A-4D92-8A61-563BC8425201}.Release|Any CPU.ActiveCfg = Release|Any CPU
		{751B2A37-A35A-4D92-8A61-563BC8425201}.Release|Any CPU.Build.0 = Release|Any CPU
		{751B2A37-A35A-4D92-8A61-563BC8425201}.Release|x64.ActiveCfg = Release|Any CPU
		{751B2A37-A35A-4D92-8A61-563BC8425201}.Release|x64.Build.0 = Release|Any CPU
		{751B2A37-A35A-4D92-8A61-563BC8425201}.Release|x86.ActiveCfg = Release|Any CPU
		{751B2A37-A35A-4D92-8A61-563BC8425201}.Release|x86.Build.0 = Release|Any CPU
		{4FEB2C30-7846-4C0E-AFDC-7556F00393A9}.Debug|Any CPU.ActiveCfg = Debug|Any CPU
		{4FEB2C30-7846-4C0E-AFDC-7556F00393A9}.Debug|Any CPU.Build.0 = Debug|Any CPU
		{4FEB2C30-7846-4C0E-AFDC-7556F00393A9}.Debug|x64.ActiveCfg = Debug|Any CPU
		{4FEB2C30-7846-4C0E-AFDC-7556F00393A9}.Debug|x64.Build.0 = Debug|Any CPU
		{4FEB2C30-7846-4C0E-AFDC-7556F00393A9}.Debug|x86.ActiveCfg = Debug|Any CPU
		{4FEB2C30-7846-4C0E-AFDC-7556F00393A9}.Debug|x86.Build.0 = Debug|Any CPU
		{4FEB2C30-7846-4C0E-AFDC-7556F00393A9}.Release|Any CPU.ActiveCfg = Release|Any CPU
		{4FEB2C30-7846-4C0E-AFDC-7556F00393A9}.Release|Any CPU.Build.0 = Release|Any CPU
		{4FEB2C30-7846-4C0E-AFDC-7556F00393A9}.Release|x64.ActiveCfg = Release|Any CPU
		{4FEB2C30-7846-4C0E-AFDC-7556F00393A9}.Release|x64.Build.0 = Release|Any CPU
		{4FEB2C30-7846-4C0E-AFDC-7556F00393A9}.Release|x86.ActiveCfg = Release|Any CPU
		{4FEB2C30-7846-4C0E-AFDC-7556F00393A9}.Release|x86.Build.0 = Release|Any CPU
		{B96DC268-9EC1-4114-A543-F83B76F0F072}.Debug|Any CPU.ActiveCfg = Debug|Any CPU
		{B96DC268-9EC1-4114-A543-F83B76F0F072}.Debug|Any CPU.Build.0 = Debug|Any CPU
		{B96DC268-9EC1-4114-A543-F83B76F0F072}.Debug|x64.ActiveCfg = Debug|Any CPU
		{B96DC268-9EC1-4114-A543-F83B76F0F072}.Debug|x64.Build.0 = Debug|Any CPU
		{B96DC268-9EC1-4114-A543-F83B76F0F072}.Debug|x86.ActiveCfg = Debug|Any CPU
		{B96DC268-9EC1-4114-A543-F83B76F0F072}.Debug|x86.Build.0 = Debug|Any CPU
		{B96DC268-9EC1-4114-A543-F83B76F0F072}.Release|Any CPU.ActiveCfg = Release|Any CPU
		{B96DC268-9EC1-4114-A543-F83B76F0F072}.Release|Any CPU.Build.0 = Release|Any CPU
		{B96DC268-9EC1-4114-A543-F83B76F0F072}.Release|x64.ActiveCfg = Release|Any CPU
		{B96DC268-9EC1-4114-A543-F83B76F0F072}.Release|x64.Build.0 = Release|Any CPU
		{B96DC268-9EC1-4114-A543-F83B76F0F072}.Release|x86.ActiveCfg = Release|Any CPU
		{B96DC268-9EC1-4114-A543-F83B76F0F072}.Release|x86.Build.0 = Release|Any CPU
	EndGlobalSection
EndGlobal
